
Microsoft Visual Studio Solution File, Format Version 12.00
# Visual Studio Version 16
VisualStudioVersion = 16.0.29905.134
MinimumVisualStudioVersion = 10.0.40219.1
Project("{9A19103F-16F7-4668-BE54-9A1E7A4F7556}") = "CollectionITEASolution2", "CollectionITEASolution2\CollectionITEASolution2.csproj", "{1AE261AF-F445-4A54-A33A-408FEAE13138}"
EndProject
Project("{FAE04EC0-301F-11D3-BF4B-00C04F79EFBC}") = "StructClassHeapStack", "StructClassHeapStack\StructClassHeapStack.csproj", "{3C879CE4-2800-43C4-BB66-2ECBBF16399C}"
EndProject
Project("{FAE04EC0-301F-11D3-BF4B-00C04F79EFBC}") = "PointAsPoint", "PointAsPoint\PointAsPoint.csproj", "{51D46867-6776-4298-81E7-A370F6143C75}"
EndProject
Project("{FAE04EC0-301F-11D3-BF4B-00C04F79EFBC}") = "PointPythagoreTheorem", "PointPythagoreTheorem\PointPythagoreTheorem.csproj", "{B32D53EE-94AF-40E3-B016-1558D9789A38}"
EndProject
Project("{FAE04EC0-301F-11D3-BF4B-00C04F79EFBC}") = "GenericAndIEnumerable", "GenericAndIEnumerable\GenericAndIEnumerable.csproj", "{7F557EF7-623A-4886-BBA9-7EE2C727F0F2}"
EndProject
Global
	GlobalSection(SolutionConfigurationPlatforms) = preSolution
		Debug|Any CPU = Debug|Any CPU
		Release|Any CPU = Release|Any CPU
	EndGlobalSection
	GlobalSection(ProjectConfigurationPlatforms) = postSolution
		{1AE261AF-F445-4A54-A33A-408FEAE13138}.Debug|Any CPU.ActiveCfg = Debug|Any CPU
		{1AE261AF-F445-4A54-A33A-408FEAE13138}.Debug|Any CPU.Build.0 = Debug|Any CPU
		{1AE261AF-F445-4A54-A33A-408FEAE13138}.Release|Any CPU.ActiveCfg = Release|Any CPU
		{1AE261AF-F445-4A54-A33A-408FEAE13138}.Release|Any CPU.Build.0 = Release|Any CPU
		{3C879CE4-2800-43C4-BB66-2ECBBF16399C}.Debug|Any CPU.ActiveCfg = Debug|Any CPU
		{3C879CE4-2800-43C4-BB66-2ECBBF16399C}.Debug|Any CPU.Build.0 = Debug|Any CPU
		{3C879CE4-2800-43C4-BB66-2ECBBF16399C}.Release|Any CPU.ActiveCfg = Release|Any CPU
		{3C879CE4-2800-43C4-BB66-2ECBBF16399C}.Release|Any CPU.Build.0 = Release|Any CPU
		{51D46867-6776-4298-81E7-A370F6143C75}.Debug|Any CPU.ActiveCfg = Debug|Any CPU
		{51D46867-6776-4298-81E7-A370F6143C75}.Debug|Any CPU.Build.0 = Debug|Any CPU
		{51D46867-6776-4298-81E7-A370F6143C75}.Release|Any CPU.ActiveCfg = Release|Any CPU
		{51D46867-6776-4298-81E7-A370F6143C75}.Release|Any CPU.Build.0 = Release|Any CPU
		{B32D53EE-94AF-40E3-B016-1558D9789A38}.Debug|Any CPU.ActiveCfg = Debug|Any CPU
		{B32D53EE-94AF-40E3-B016-1558D9789A38}.Debug|Any CPU.Build.0 = Debug|Any CPU
		{B32D53EE-94AF-40E3-B016-1558D9789A38}.Release|Any CPU.ActiveCfg = Release|Any CPU
		{B32D53EE-94AF-40E3-B016-1558D9789A38}.Release|Any CPU.Build.0 = Release|Any CPU
		{7F557EF7-623A-4886-BBA9-7EE2C727F0F2}.Debug|Any CPU.ActiveCfg = Debug|Any CPU
		{7F557EF7-623A-4886-BBA9-7EE2C727F0F2}.Debug|Any CPU.Build.0 = Debug|Any CPU
		{7F557EF7-623A-4886-BBA9-7EE2C727F0F2}.Release|Any CPU.ActiveCfg = Release|Any CPU
		{7F557EF7-623A-4886-BBA9-7EE2C727F0F2}.Release|Any CPU.Build.0 = Release|Any CPU
	EndGlobalSection
	GlobalSection(SolutionProperties) = preSolution
		HideSolutionNode = FALSE
	EndGlobalSection
	GlobalSection(ExtensibilityGlobals) = postSolution
		SolutionGuid = {DFD462B3-3BDE-4646-BDB9-839B284A84C7}
	EndGlobalSection
EndGlobal
